// !$*UTF8*$!
{
	archiveVersion = 1;
	classes = {
	};
	objectVersion = 46;
	objects = {

/* Begin PBXBuildFile section */
		97296D2F1F989559004105C0 /* AppDelegate.swift in Sources */ = {isa = PBXBuildFile; fileRef = 97296D2E1F989559004105C0 /* AppDelegate.swift */; };
		97296D311F989559004105C0 /* ViewController.swift in Sources */ = {isa = PBXBuildFile; fileRef = 97296D301F989559004105C0 /* ViewController.swift */; };
		97296D341F989559004105C0 /* Main.storyboard in Resources */ = {isa = PBXBuildFile; fileRef = 97296D321F989559004105C0 /* Main.storyboard */; };
		97296D361F989559004105C0 /* Assets.xcassets in Resources */ = {isa = PBXBuildFile; fileRef = 97296D351F989559004105C0 /* Assets.xcassets */; };
		97296D391F989559004105C0 /* LaunchScreen.storyboard in Resources */ = {isa = PBXBuildFile; fileRef = 97296D371F989559004105C0 /* LaunchScreen.storyboard */; };
		973B034D1F98A32B00563FFA /* SummaryViewController.swift in Sources */ = {isa = PBXBuildFile; fileRef = 973B034C1F98A32B00563FFA /* SummaryViewController.swift */; };
		976452401F98B2AE008EFB2D /* PersonTableViewCell.swift in Sources */ = {isa = PBXBuildFile; fileRef = 9764523F1F98B2AE008EFB2D /* PersonTableViewCell.swift */; };
		976452441F98B858008EFB2D /* PersonTableViewController.swift in Sources */ = {isa = PBXBuildFile; fileRef = 976452431F98B858008EFB2D /* PersonTableViewController.swift */; };
		976452461F98BA86008EFB2D /* Person.swift in Sources */ = {isa = PBXBuildFile; fileRef = 976452451F98BA86008EFB2D /* Person.swift */; };
		976452481F98D7B3008EFB2D /* Settings.bundle in Resources */ = {isa = PBXBuildFile; fileRef = 976452471F98D7B3008EFB2D /* Settings.bundle */; };
/* End PBXBuildFile section */

/* Begin PBXFileReference section */
		97296D2B1F989559004105C0 /* Contact Card.app */ = {isa = PBXFileReference; explicitFileType = wrapper.application; includeInIndex = 0; path = "Contact Card.app"; sourceTree = BUILT_PRODUCTS_DIR; };
		97296D2E1F989559004105C0 /* AppDelegate.swift */ = {isa = PBXFileReference; lastKnownFileType = sourcecode.swift; path = AppDelegate.swift; sourceTree = "<group>"; };
		97296D301F989559004105C0 /* ViewController.swift */ = {isa = PBXFileReference; lastKnownFileType = sourcecode.swift; path = ViewController.swift; sourceTree = "<group>"; };
		97296D331F989559004105C0 /* Base */ = {isa = PBXFileReference; lastKnownFileType = file.storyboard; name = Base; path = Base.lproj/Main.storyboard; sourceTree = "<group>"; };
		97296D351F989559004105C0 /* Assets.xcassets */ = {isa = PBXFileReference; lastKnownFileType = folder.assetcatalog; path = Assets.xcassets; sourceTree = "<group>"; };
		97296D381F989559004105C0 /* Base */ = {isa = PBXFileReference; lastKnownFileType = file.storyboard; name = Base; path = Base.lproj/LaunchScreen.storyboard; sourceTree = "<group>"; };
		97296D3A1F989559004105C0 /* Info.plist */ = {isa = PBXFileReference; lastKnownFileType = text.plist.xml; path = Info.plist; sourceTree = "<group>"; };
		973B034C1F98A32B00563FFA /* SummaryViewController.swift */ = {isa = PBXFileReference; fileEncoding = 4; lastKnownFileType = sourcecode.swift; path = SummaryViewController.swift; sourceTree = "<group>"; };
		9764523F1F98B2AE008EFB2D /* PersonTableViewCell.swift */ = {isa = PBXFileReference; fileEncoding = 4; lastKnownFileType = sourcecode.swift; path = PersonTableViewCell.swift; sourceTree = "<group>"; };
		976452431F98B858008EFB2D /* PersonTableViewController.swift */ = {isa = PBXFileReference; fileEncoding = 4; lastKnownFileType = sourcecode.swift; name = PersonTableViewController.swift; path = ../PersonTableViewController.swift; sourceTree = "<group>"; };
		976452451F98BA86008EFB2D /* Person.swift */ = {isa = PBXFileReference; fileEncoding = 4; lastKnownFileType = sourcecode.swift; path = Person.swift; sourceTree = "<group>"; };
		976452471F98D7B3008EFB2D /* Settings.bundle */ = {isa = PBXFileReference; lastKnownFileType = "wrapper.plug-in"; path = Settings.bundle; sourceTree = "<group>"; };
/* End PBXFileReference section */

/* Begin PBXFrameworksBuildPhase section */
		97296D281F989559004105C0 /* Frameworks */ = {
			isa = PBXFrameworksBuildPhase;
			buildActionMask = 2147483647;
			files = (
			);
			runOnlyForDeploymentPostprocessing = 0;
		};
/* End PBXFrameworksBuildPhase section */

/* Begin PBXGroup section */
		97296D221F989559004105C0 = {
			isa = PBXGroup;
			children = (
				97296D2D1F989559004105C0 /* Contact Card */,
				97296D2C1F989559004105C0 /* Products */,
			);
			sourceTree = "<group>";
		};
		97296D2C1F989559004105C0 /* Products */ = {
			isa = PBXGroup;
			children = (
				97296D2B1F989559004105C0 /* Contact Card.app */,
			);
			name = Products;
			sourceTree = "<group>";
		};
		97296D2D1F989559004105C0 /* Contact Card */ = {
			isa = PBXGroup;
			children = (
				97296D2E1F989559004105C0 /* AppDelegate.swift */,
				97296D301F989559004105C0 /* ViewController.swift */,
				97296D321F989559004105C0 /* Main.storyboard */,
				976452471F98D7B3008EFB2D /* Settings.bundle */,
				97296D351F989559004105C0 /* Assets.xcassets */,
				976452451F98BA86008EFB2D /* Person.swift */,
				97296D371F989559004105C0 /* LaunchScreen.storyboard */,
				97296D3A1F989559004105C0 /* Info.plist */,
				9764523F1F98B2AE008EFB2D /* PersonTableViewCell.swift */,
				976452431F98B858008EFB2D /* PersonTableViewController.swift */,
				973B034C1F98A32B00563FFA /* SummaryViewController.swift */,
			);
			path = "Contact Card";
			sourceTree = "<group>";
		};
/* End PBXGroup section */

/* Begin PBXNativeTarget section */
		97296D2A1F989559004105C0 /* Contact Card */ = {
			isa = PBXNativeTarget;
			buildConfigurationList = 97296D3D1F989559004105C0 /* Build configuration list for PBXNativeTarget "Contact Card" */;
			buildPhases = (
				97296D271F989559004105C0 /* Sources */,
				97296D281F989559004105C0 /* Frameworks */,
				97296D291F989559004105C0 /* Resources */,
			);
			buildRules = (
			);
			dependencies = (
			);
			name = "Contact Card";
			productName = "Contact Card";
			productReference = 97296D2B1F989559004105C0 /* Contact Card.app */;
			productType = "com.apple.product-type.application";
		};
/* End PBXNativeTarget section */

/* Begin PBXProject section */
		97296D231F989559004105C0 /* Project object */ = {
			isa = PBXProject;
			attributes = {
				LastSwiftUpdateCheck = 0800;
				LastUpgradeCheck = 0800;
				ORGANIZATIONNAME = "Mathieu Knook";
				TargetAttributes = {
					97296D2A1F989559004105C0 = {
						CreatedOnToolsVersion = 8.0;
						ProvisioningStyle = Automatic;
					};
				};
			};
			buildConfigurationList = 97296D261F989559004105C0 /* Build configuration list for PBXProject "Contact Card" */;
			compatibilityVersion = "Xcode 3.2";
			developmentRegion = English;
			hasScannedForEncodings = 0;
			knownRegions = (
				en,
				Base,
			);
			mainGroup = 97296D221F989559004105C0;
			productRefGroup = 97296D2C1F989559004105C0 /* Products */;
			projectDirPath = "";
			projectRoot = "";
			targets = (
				97296D2A1F989559004105C0 /* Contact Card */,
			);
		};
/* End PBXProject section */

/* Begin PBXResourcesBuildPhase section */
		97296D291F989559004105C0 /* Resources */ = {
			isa = PBXResourcesBuildPhase;
			buildActionMask = 2147483647;
			files = (
				976452481F98D7B3008EFB2D /* Settings.bundle in Resources */,
				97296D391F989559004105C0 /* LaunchScreen.storyboard in Resources */,
				97296D361F989559004105C0 /* Assets.xcassets in Resources */,
				97296D341F989559004105C0 /* Main.storyboard in Resources */,
			);
			runOnlyForDeploymentPostprocessing = 0;
		};
/* End PBXResourcesBuildPhase section */

/* Begin PBXSourcesBuildPhase section */
		97296D271F989559004105C0 /* Sources */ = {
			isa = PBXSourcesBuildPhase;
			buildActionMask = 2147483647;
			files = (
				976452461F98BA86008EFB2D /* Person.swift in Sources */,
				976452441F98B858008EFB2D /* PersonTableViewController.swift in Sources */,
				97296D311F989559004105C0 /* ViewController.swift in Sources */,
				97296D2F1F989559004105C0 /* AppDelegate.swift in Sources */,
				976452401F98B2AE008EFB2D /* PersonTableViewCell.swift in Sources */,
				973B034D1F98A32B00563FFA /* SummaryViewController.swift in Sources */,
			);
			runOnlyForDeploymentPostprocessing = 0;
		};
/* End PBXSourcesBuildPhase section */

/* Begin PBXVariantGroup section */
		97296D321F989559004105C0 /* Main.storyboard */ = {
			isa = PBXVariantGroup;
			children = (
				97296D331F989559004105C0 /* Base */,
			);
			name = Main.storyboard;
			sourceTree = "<group>";
		};
		97296D371F989559004105C0 /* LaunchScreen.storyboard */ = {
			isa = PBXVariantGroup;
			children = (
				97296D381F989559004105C0 /* Base */,
			);
			name = LaunchScreen.storyboard;
			sourceTree = "<group>";
		};
/* End PBXVariantGroup section */

/* Begin XCBuildConfiguration section */
		97296D3B1F989559004105C0 /* Debug */ = {
			isa = XCBuildConfiguration;
			buildSettings = {
				ALWAYS_SEARCH_USER_PATHS = NO;
				CLANG_ANALYZER_NONNULL = YES;
				CLANG_CXX_LANGUAGE_STANDARD = "gnu++0x";
				CLANG_CXX_LIBRARY = "libc++";
				CLANG_ENABLE_MODULES = YES;
				CLANG_ENABLE_OBJC_ARC = YES;
				CLANG_WARN_BOOL_CONVERSION = YES;
				CLANG_WARN_CONSTANT_CONVERSION = YES;
				CLANG_WARN_DIRECT_OBJC_ISA_USAGE = YES_ERROR;
				CLANG_WARN_DOCUMENTATION_COMMENTS = YES;
				CLANG_WARN_EMPTY_BODY = YES;
				CLANG_WARN_ENUM_CONVERSION = YES;
				CLANG_WARN_INFINITE_RECURSION = YES;
				CLANG_WARN_INT_CONVERSION = YES;
				CLANG_WARN_OBJC_ROOT_CLASS = YES_ERROR;
				CLANG_WARN_SUSPICIOUS_MOVES = YES;
				CLANG_WARN_UNREACHABLE_CODE = YES;
				CLANG_WARN__DUPLICATE_METHOD_MATCH = YES;
				"CODE_SIGN_IDENTITY[sdk=iphoneos*]" = "iPhone Developer";
				COPY_PHASE_STRIP = NO;
				DEBUG_INFORMATION_FORMAT = dwarf;
				ENABLE_STRICT_OBJC_MSGSEND = YES;
				ENABLE_TESTABILITY = YES;
				GCC_C_LANGUAGE_STANDARD = gnu99;
				GCC_DYNAMIC_NO_PIC = NO;
				GCC_NO_COMMON_BLOCKS = YES;
				GCC_OPTIMIZATION_LEVEL = 0;
				GCC_PREPROCESSOR_DEFINITIONS = (
					"DEBUG=1",
					"$(inherited)",
				);
				GCC_WARN_64_TO_32_BIT_CONVERSION = YES;
				GCC_WARN_ABOUT_RETURN_TYPE = YES_ERROR;
				GCC_WARN_UNDECLARED_SELECTOR = YES;
				GCC_WARN_UNINITIALIZED_AUTOS = YES_AGGRESSIVE;
				GCC_WARN_UNUSED_FUNCTION = YES;
				GCC_WARN_UNUSED_VARIABLE = YES;
				IPHONEOS_DEPLOYMENT_TARGET = 10.0;
				MTL_ENABLE_DEBUG_INFO = YES;
				ONLY_ACTIVE_ARCH = YES;
				SDKROOT = iphoneos;
				SWIFT_ACTIVE_COMPILATION_CONDITIONS = DEBUG;
				SWIFT_OPTIMIZATION_LEVEL = "-Onone";
				TARGETED_DEVICE_FAMILY = "1,2";
			};
			name = Debug;
		};
		97296D3C1F989559004105C0 /* Release */ = {
			isa = XCBuildConfiguration;
			buildSettings = {
				ALWAYS_SEARCH_USER_PATHS = NO;
				CLANG_ANALYZER_NONNULL = YES;
				CLANG_CXX_LANGUAGE_STANDARD = "gnu++0x";
				CLANG_CXX_LIBRARY = "libc++";
				CLANG_ENABLE_MODULES = YES;
				CLANG_ENABLE_OBJC_ARC = YES;
				CLANG_WARN_BOOL_CONVERSION = YES;
				CLANG_WARN_CONSTANT_CONVERSION = YES;
				CLANG_WARN_DIRECT_OBJC_ISA_USAGE = YES_ERROR;
				CLANG_WARN_DOCUMENTATION_COMMENTS = YES;
				CLANG_WARN_EMPTY_BODY = YES;
				CLANG_WARN_ENUM_CONVERSION = YES;
				CLANG_WARN_INFINITE_RECURSION = YES;
				CLANG_WARN_INT_CONVERSION = YES;
				CLANG_WARN_OBJC_ROOT_CLASS = YES_ERROR;
				CLANG_WARN_SUSPICIOUS_MOVES = YES;
				CLANG_WARN_UNREACHABLE_CODE = YES;
				CLANG_WARN__DUPLICATE_METHOD_MATCH = YES;
				"CODE_SIGN_IDENTITY[sdk=iphoneos*]" = "iPhone Developer";
				COPY_PHASE_STRIP = NO;
				DEBUG_INFORMATION_FORMAT = "dwarf-with-dsym";
				ENABLE_NS_ASSERTIONS = NO;
				ENABLE_STRICT_OBJC_MSGSEND = YES;
				GCC_C_LANGUAGE_STANDARD = gnu99;
				GCC_NO_COMMON_BLOCKS = YES;
				GCC_WARN_64_TO_32_BIT_CONVERSION = YES;
				GCC_WARN_ABOUT_RETURN_TYPE = YES_ERROR;
				GCC_WARN_UNDECLARED_SELECTOR = YES;
				GCC_WARN_UNINITIALIZED_AUTOS = YES_AGGRESSIVE;
				GCC_WARN_UNUSED_FUNCTION = YES;
				GCC_WARN_UNUSED_VARIABLE = YES;
				IPHONEOS_DEPLOYMENT_TARGET = 10.0;
				MTL_ENABLE_DEBUG_INFO = NO;
				SDKROOT = iphoneos;
				SWIFT_OPTIMIZATION_LEVEL = "-Owholemodule";
				TARGETED_DEVICE_FAMILY = "1,2";
				VALIDATE_PRODUCT = YES;
			};
			name = Release;
		};
		97296D3E1F989559004105C0 /* Debug */ = {
			isa = XCBuildConfiguration;
			buildSettings = {
				ASSETCATALOG_COMPILER_APPICON_NAME = AppIcon;
				INFOPLIST_FILE = "Contact Card/Info.plist";
				LD_RUNPATH_SEARCH_PATHS = "$(inherited) @executable_path/Frameworks";
				PRODUCT_BUNDLE_IDENTIFIER = "Annea.Contact-Card";
				PRODUCT_NAME = "$(TARGET_NAME)";
				SWIFT_VERSION = 3.0;
			};
			name = Debug;
		};
		97296D3F1F989559004105C0 /* Release */ = {
			isa = XCBuildConfiguration;
			buildSettings = {
				ASSETCATALOG_COMPILER_APPICON_NAME = AppIcon;
				INFOPLIST_FILE = "Contact Card/Info.plist";
				LD_RUNPATH_SEARCH_PATHS = "$(inherited) @executable_path/Frameworks";
				PRODUCT_BUNDLE_IDENTIFIER = "Annea.Contact-Card";
				PRODUCT_NAME = "$(TARGET_NAME)";
				SWIFT_VERSION = 3.0;
			};
			name = Release;
		};
/* End XCBuildConfiguration section */

/* Begin XCConfigurationList section */
		97296D261F989559004105C0 /* Build configuration list for PBXProject "Contact Card" */ = {
			isa = XCConfigurationList;
			buildConfigurations = (
				97296D3B1F989559004105C0 /* Debug */,
				97296D3C1F989559004105C0 /* Release */,
			);
			defaultConfigurationIsVisible = 0;
			defaultConfigurationName = Release;
		};
		97296D3D1F989559004105C0 /* Build configuration list for PBXNativeTarget "Contact Card" */ = {
			isa = XCConfigurationList;
			buildConfigurations = (
				97296D3E1F989559004105C0 /* Debug */,
				97296D3F1F989559004105C0 /* Release */,
			);
			defaultConfigurationIsVisible = 0;
			defaultConfigurationName = Release;
		};
/* End XCConfigurationList section */
	};
	rootObject = 97296D231F989559004105C0 /* Project object */;
}
